// !$*UTF8*$!
{
	archiveVersion = 1;
	classes = {
	};
	objectVersion = 50;
	objects = {

/* Begin PBXBuildFile section */
		F54A2CB3228B9CFD005C81B9 /* AppDelegate.swift in Sources */ = {isa = PBXBuildFile; fileRef = F54A2CB2228B9CFD005C81B9 /* AppDelegate.swift */; };
		F54A2CB5228B9CFD005C81B9 /* ViewController.swift in Sources */ = {isa = PBXBuildFile; fileRef = F54A2CB4228B9CFD005C81B9 /* ViewController.swift */; };
		F54A2CB8228B9CFD005C81B9 /* Main.storyboard in Resources */ = {isa = PBXBuildFile; fileRef = F54A2CB6228B9CFD005C81B9 /* Main.storyboard */; };
		F54A2CBA228B9CFE005C81B9 /* Assets.xcassets in Resources */ = {isa = PBXBuildFile; fileRef = F54A2CB9228B9CFE005C81B9 /* Assets.xcassets */; };
		F54A2CBD228B9CFE005C81B9 /* LaunchScreen.storyboard in Resources */ = {isa = PBXBuildFile; fileRef = F54A2CBB228B9CFE005C81B9 /* LaunchScreen.storyboard */; };
		F58F1D86228BA88100D9D7D8 /* LearnerModel.swift in Sources */ = {isa = PBXBuildFile; fileRef = F58F1D85228BA88100D9D7D8 /* LearnerModel.swift */; };
		F58F1D8C228BC4CF00D9D7D8 /* FacilitatorModel.swift in Sources */ = {isa = PBXBuildFile; fileRef = F58F1D8B228BC4CF00D9D7D8 /* FacilitatorModel.swift */; };
		F58F1D8E228BC95000D9D7D8 /* MenteeModel.swift in Sources */ = {isa = PBXBuildFile; fileRef = F58F1D8D228BC95000D9D7D8 /* MenteeModel.swift */; };
/* End PBXBuildFile section */

/* Begin PBXFileReference section */
		F54A2CAF228B9CFD005C81B9 /* OOP.app */ = {isa = PBXFileReference; explicitFileType = wrapper.application; includeInIndex = 0; path = OOP.app; sourceTree = BUILT_PRODUCTS_DIR; };
		F54A2CB2228B9CFD005C81B9 /* AppDelegate.swift */ = {isa = PBXFileReference; lastKnownFileType = sourcecode.swift; path = AppDelegate.swift; sourceTree = "<group>"; };
		F54A2CB4228B9CFD005C81B9 /* ViewController.swift */ = {isa = PBXFileReference; lastKnownFileType = sourcecode.swift; path = ViewController.swift; sourceTree = "<group>"; };
		F54A2CB7228B9CFD005C81B9 /* Base */ = {isa = PBXFileReference; lastKnownFileType = file.storyboard; name = Base; path = Base.lproj/Main.storyboard; sourceTree = "<group>"; };
		F54A2CB9228B9CFE005C81B9 /* Assets.xcassets */ = {isa = PBXFileReference; lastKnownFileType = folder.assetcatalog; path = Assets.xcassets; sourceTree = "<group>"; };
		F54A2CBC228B9CFE005C81B9 /* Base */ = {isa = PBXFileReference; lastKnownFileType = file.storyboard; name = Base; path = Base.lproj/LaunchScreen.storyboard; sourceTree = "<group>"; };
		F54A2CBE228B9CFE005C81B9 /* Info.plist */ = {isa = PBXFileReference; lastKnownFileType = text.plist.xml; path = Info.plist; sourceTree = "<group>"; };
		F58F1D85228BA88100D9D7D8 /* LearnerModel.swift */ = {isa = PBXFileReference; lastKnownFileType = sourcecode.swift; path = LearnerModel.swift; sourceTree = "<group>"; };
		F58F1D8B228BC4CF00D9D7D8 /* FacilitatorModel.swift */ = {isa = PBXFileReference; lastKnownFileType = sourcecode.swift; path = FacilitatorModel.swift; sourceTree = "<group>"; };
		F58F1D8D228BC95000D9D7D8 /* MenteeModel.swift */ = {isa = PBXFileReference; lastKnownFileType = sourcecode.swift; path = MenteeModel.swift; sourceTree = "<group>"; };
/* End PBXFileReference section */

/* Begin PBXFrameworksBuildPhase section */
		F54A2CAC228B9CFD005C81B9 /* Frameworks */ = {
			isa = PBXFrameworksBuildPhase;
			buildActionMask = 2147483647;
			files = (
			);
			runOnlyForDeploymentPostprocessing = 0;
		};
/* End PBXFrameworksBuildPhase section */

/* Begin PBXGroup section */
		F54A2CA6228B9CFD005C81B9 = {
			isa = PBXGroup;
			children = (
				F54A2CB1228B9CFD005C81B9 /* OOP */,
				F54A2CB0228B9CFD005C81B9 /* Products */,
			);
			sourceTree = "<group>";
		};
		F54A2CB0228B9CFD005C81B9 /* Products */ = {
			isa = PBXGroup;
			children = (
				F54A2CAF228B9CFD005C81B9 /* OOP.app */,
			);
			name = Products;
			sourceTree = "<group>";
		};
		F54A2CB1228B9CFD005C81B9 /* OOP */ = {
			isa = PBXGroup;
			children = (
				F54A2CB2228B9CFD005C81B9 /* AppDelegate.swift */,
				F58F1D8D228BC95000D9D7D8 /* MenteeModel.swift */,
				F54A2CB4228B9CFD005C81B9 /* ViewController.swift */,
				F58F1D85228BA88100D9D7D8 /* LearnerModel.swift */,
				F58F1D8B228BC4CF00D9D7D8 /* FacilitatorModel.swift */,
				F54A2CB6228B9CFD005C81B9 /* Main.storyboard */,
				F54A2CB9228B9CFE005C81B9 /* Assets.xcassets */,
				F54A2CBB228B9CFE005C81B9 /* LaunchScreen.storyboard */,
				F54A2CBE228B9CFE005C81B9 /* Info.plist */,
			);
			path = OOP;
			sourceTree = "<group>";
		};
/* End PBXGroup section */

/* Begin PBXNativeTarget section */
		F54A2CAE228B9CFD005C81B9 /* OOP */ = {
			isa = PBXNativeTarget;
			buildConfigurationList = F54A2CC1228B9CFE005C81B9 /* Build configuration list for PBXNativeTarget "OOP" */;
			buildPhases = (
				F54A2CAB228B9CFD005C81B9 /* Sources */,
				F54A2CAC228B9CFD005C81B9 /* Frameworks */,
				F54A2CAD228B9CFD005C81B9 /* Resources */,
			);
			buildRules = (
			);
			dependencies = (
			);
			name = OOP;
			productName = OOP;
			productReference = F54A2CAF228B9CFD005C81B9 /* OOP.app */;
			productType = "com.apple.product-type.application";
		};
/* End PBXNativeTarget section */

/* Begin PBXProject section */
		F54A2CA7228B9CFD005C81B9 /* Project object */ = {
			isa = PBXProject;
			attributes = {
				LastSwiftUpdateCheck = 1020;
				LastUpgradeCheck = 1020;
				ORGANIZATIONNAME = "Robby Awalul Meviansyah Abdillah";
				TargetAttributes = {
					F54A2CAE228B9CFD005C81B9 = {
						CreatedOnToolsVersion = 10.2.1;
					};
				};
			};
			buildConfigurationList = F54A2CAA228B9CFD005C81B9 /* Build configuration list for PBXProject "OOP" */;
			compatibilityVersion = "Xcode 9.3";
			developmentRegion = en;
			hasScannedForEncodings = 0;
			knownRegions = (
				en,
				Base,
			);
			mainGroup = F54A2CA6228B9CFD005C81B9;
			productRefGroup = F54A2CB0228B9CFD005C81B9 /* Products */;
			projectDirPath = "";
			projectRoot = "";
			targets = (
				F54A2CAE228B9CFD005C81B9 /* OOP */,
			);
		};
/* End PBXProject section */

/* Begin PBXResourcesBuildPhase section */
		F54A2CAD228B9CFD005C81B9 /* Resources */ = {
			isa = PBXResourcesBuildPhase;
			buildActionMask = 2147483647;
			files = (
				F54A2CBD228B9CFE005C81B9 /* LaunchScreen.storyboard in Resources */,
				F54A2CBA228B9CFE005C81B9 /* Assets.xcassets in Resources */,
				F54A2CB8228B9CFD005C81B9 /* Main.storyboard in Resources */,
			);
			runOnlyForDeploymentPostprocessing = 0;
		};
/* End PBXResourcesBuildPhase section */

/* Begin PBXSourcesBuildPhase section */
		F54A2CAB228B9CFD005C81B9 /* Sources */ = {
			isa = PBXSourcesBuildPhase;
			buildActionMask = 2147483647;
			files = (
				F58F1D8E228BC95000D9D7D8 /* MenteeModel.swift in Sources */,
				F58F1D8C228BC4CF00D9D7D8 /* FacilitatorModel.swift in Sources */,
				F54A2CB5228B9CFD005C81B9 /* ViewController.swift in Sources */,
				F58F1D86228BA88100D9D7D8 /* LearnerModel.swift in Sources */,
				F54A2CB3228B9CFD005C81B9 /* AppDelegate.swift in Sources */,
			);
			runOnlyForDeploymentPostprocessing = 0;
		};
/* End PBXSourcesBuildPhase section */

/* Begin PBXVariantGroup section */
		F54A2CB6228B9CFD005C81B9 /* Main.storyboard */ = {
			isa = PBXVariantGroup;
			children = (
				F54A2CB7228B9CFD005C81B9 /* Base */,
			);
			name = Main.storyboard;
			sourceTree = "<group>";
		};
		F54A2CBB228B9CFE005C81B9 /* LaunchScreen.storyboard */ = {
			isa = PBXVariantGroup;
			children = (
				F54A2CBC228B9CFE005C81B9 /* Base */,
			);
			name = LaunchScreen.storyboard;
			sourceTree = "<group>";
		};
/* End PBXVariantGroup section */

/* Begin XCBuildConfiguration section */
		F54A2CBF228B9CFE005C81B9 /* Debug */ = {
			isa = XCBuildConfiguration;
			buildSettings = {
				ALWAYS_SEARCH_USER_PATHS = NO;
				CLANG_ANALYZER_NONNULL = YES;
				CLANG_ANALYZER_NUMBER_OBJECT_CONVERSION = YES_AGGRESSIVE;
				CLANG_CXX_LANGUAGE_STANDARD = "gnu++14";
				CLANG_CXX_LIBRARY = "libc++";
				CLANG_ENABLE_MODULES = YES;
				CLANG_ENABLE_OBJC_ARC = YES;
				CLANG_ENABLE_OBJC_WEAK = YES;
				CLANG_WARN_BLOCK_CAPTURE_AUTORELEASING = YES;
				CLANG_WARN_BOOL_CONVERSION = YES;
				CLANG_WARN_COMMA = YES;
				CLANG_WARN_CONSTANT_CONVERSION = YES;
				CLANG_WARN_DEPRECATED_OBJC_IMPLEMENTATIONS = YES;
				CLANG_WARN_DIRECT_OBJC_ISA_USAGE = YES_ERROR;
				CLANG_WARN_DOCUMENTATION_COMMENTS = YES;
				CLANG_WARN_EMPTY_BODY = YES;
				CLANG_WARN_ENUM_CONVERSION = YES;
				CLANG_WARN_INFINITE_RECURSION = YES;
				CLANG_WARN_INT_CONVERSION = YES;
				CLANG_WARN_NON_LITERAL_NULL_CONVERSION = YES;
				CLANG_WARN_OBJC_IMPLICIT_RETAIN_SELF = YES;
				CLANG_WARN_OBJC_LITERAL_CONVERSION = YES;
				CLANG_WARN_OBJC_ROOT_CLASS = YES_ERROR;
				CLANG_WARN_RANGE_LOOP_ANALYSIS = YES;
				CLANG_WARN_STRICT_PROTOTYPES = YES;
				CLANG_WARN_SUSPICIOUS_MOVE = YES;
				CLANG_WARN_UNGUARDED_AVAILABILITY = YES_AGGRESSIVE;
				CLANG_WARN_UNREACHABLE_CODE = YES;
				CLANG_WARN__DUPLICATE_METHOD_MATCH = YES;
				CODE_SIGN_IDENTITY = "iPhone Developer";
				COPY_PHASE_STRIP = NO;
				DEBUG_INFORMATION_FORMAT = dwarf;
				ENABLE_STRICT_OBJC_MSGSEND = YES;
				ENABLE_TESTABILITY = YES;
				GCC_C_LANGUAGE_STANDARD = gnu11;
				GCC_DYNAMIC_NO_PIC = NO;
				GCC_NO_COMMON_BLOCKS = YES;
				GCC_OPTIMIZATION_LEVEL = 0;
				GCC_PREPROCESSOR_DEFINITIONS = (
					"DEBUG=1",
					"$(inherited)",
				);
				GCC_WARN_64_TO_32_BIT_CONVERSION = YES;
				GCC_WARN_ABOUT_RETURN_TYPE = YES_ERROR;
				GCC_WARN_UNDECLARED_SELECTOR = YES;
				GCC_WARN_UNINITIALIZED_AUTOS = YES_AGGRESSIVE;
				GCC_WARN_UNUSED_FUNCTION = YES;
				GCC_WARN_UNUSED_VARIABLE = YES;
				IPHONEOS_DEPLOYMENT_TARGET = 12.2;
				MTL_ENABLE_DEBUG_INFO = INCLUDE_SOURCE;
				MTL_FAST_MATH = YES;
				ONLY_ACTIVE_ARCH = YES;
				SDKROOT = iphoneos;
				SWIFT_ACTIVE_COMPILATION_CONDITIONS = DEBUG;
				SWIFT_OPTIMIZATION_LEVEL = "-Onone";
			};
			name = Debug;
		};
		F54A2CC0228B9CFE005C81B9 /* Release */ = {
			isa = XCBuildConfiguration;
			buildSettings = {
				ALWAYS_SEARCH_USER_PATHS = NO;
				CLANG_ANALYZER_NONNULL = YES;
				CLANG_ANALYZER_NUMBER_OBJECT_CONVERSION = YES_AGGRESSIVE;
				CLANG_CXX_LANGUAGE_STANDARD = "gnu++14";
				CLANG_CXX_LIBRARY = "libc++";
				CLANG_ENABLE_MODULES = YES;
				CLANG_ENABLE_OBJC_ARC = YES;
				CLANG_ENABLE_OBJC_WEAK = YES;
				CLANG_WARN_BLOCK_CAPTURE_AUTORELEASING = YES;
				CLANG_WARN_BOOL_CONVERSION = YES;
				CLANG_WARN_COMMA = YES;
				CLANG_WARN_CONSTANT_CONVERSION = YES;
				CLANG_WARN_DEPRECATED_OBJC_IMPLEMENTATIONS = YES;
				CLANG_WARN_DIRECT_OBJC_ISA_USAGE = YES_ERROR;
				CLANG_WARN_DOCUMENTATION_COMMENTS = YES;
				CLANG_WARN_EMPTY_BODY = YES;
				CLANG_WARN_ENUM_CONVERSION = YES;
				CLANG_WARN_INFINITE_RECURSION = YES;
				CLANG_WARN_INT_CONVERSION = YES;
				CLANG_WARN_NON_LITERAL_NULL_CONVERSION = YES;
				CLANG_WARN_OBJC_IMPLICIT_RETAIN_SELF = YES;
				CLANG_WARN_OBJC_LITERAL_CONVERSION = YES;
				CLANG_WARN_OBJC_ROOT_CLASS = YES_ERROR;
				CLANG_WARN_RANGE_LOOP_ANALYSIS = YES;
				CLANG_WARN_STRICT_PROTOTYPES = YES;
				CLANG_WARN_SUSPICIOUS_MOVE = YES;
				CLANG_WARN_UNGUARDED_AVAILABILITY = YES_AGGRESSIVE;
				CLANG_WARN_UNREACHABLE_CODE = YES;
				CLANG_WARN__DUPLICATE_METHOD_MATCH = YES;
				CODE_SIGN_IDENTITY = "iPhone Developer";
				COPY_PHASE_STRIP = NO;
				DEBUG_INFORMATION_FORMAT = "dwarf-with-dsym";
				ENABLE_NS_ASSERTIONS = NO;
				ENABLE_STRICT_OBJC_MSGSEND = YES;
				GCC_C_LANGUAGE_STANDARD = gnu11;
				GCC_NO_COMMON_BLOCKS = YES;
				GCC_WARN_64_TO_32_BIT_CONVERSION = YES;
				GCC_WARN_ABOUT_RETURN_TYPE = YES_ERROR;
				GCC_WARN_UNDECLARED_SELECTOR = YES;
				GCC_WARN_UNINITIALIZED_AUTOS = YES_AGGRESSIVE;
				GCC_WARN_UNUSED_FUNCTION = YES;
				GCC_WARN_UNUSED_VARIABLE = YES;
				IPHONEOS_DEPLOYMENT_TARGET = 12.2;
				MTL_ENABLE_DEBUG_INFO = NO;
				MTL_FAST_MATH = YES;
				SDKROOT = iphoneos;
				SWIFT_COMPILATION_MODE = wholemodule;
				SWIFT_OPTIMIZATION_LEVEL = "-O";
				VALIDATE_PRODUCT = YES;
			};
			name = Release;
		};
		F54A2CC2228B9CFE005C81B9 /* Debug */ = {
			isa = XCBuildConfiguration;
			buildSettings = {
				ASSETCATALOG_COMPILER_APPICON_NAME = AppIcon;
				CODE_SIGN_STYLE = Automatic;
				INFOPLIST_FILE = OOP/Info.plist;
				LD_RUNPATH_SEARCH_PATHS = (
					"$(inherited)",
					"@executable_path/Frameworks",
				);
				PRODUCT_BUNDLE_IDENTIFIER = com.Robby.OOP;
				PRODUCT_NAME = "$(TARGET_NAME)";
				SWIFT_VERSION = 5.0;
				TARGETED_DEVICE_FAMILY = "1,2";
			};
			name = Debug;
		};
		F54A2CC3228B9CFE005C81B9 /* Release */ = {
			isa = XCBuildConfiguration;
			buildSettings = {
				ASSETCATALOG_COMPILER_APPICON_NAME = AppIcon;
				CODE_SIGN_STYLE = Automatic;
				INFOPLIST_FILE = OOP/Info.plist;
				LD_RUNPATH_SEARCH_PATHS = (
					"$(inherited)",
					"@executable_path/Frameworks",
				);
				PRODUCT_BUNDLE_IDENTIFIER = com.Robby.OOP;
				PRODUCT_NAME = "$(TARGET_NAME)";
				SWIFT_VERSION = 5.0;
				TARGETED_DEVICE_FAMILY = "1,2";
			};
			name = Release;
		};
/* End XCBuildConfiguration section */

/* Begin XCConfigurationList section */
		F54A2CAA228B9CFD005C81B9 /* Build configuration list for PBXProject "OOP" */ = {
			isa = XCConfigurationList;
			buildConfigurations = (
				F54A2CBF228B9CFE005C81B9 /* Debug */,
				F54A2CC0228B9CFE005C81B9 /* Release */,
			);
			defaultConfigurationIsVisible = 0;
			defaultConfigurationName = Release;
		};
		F54A2CC1228B9CFE005C81B9 /* Build configuration list for PBXNativeTarget "OOP" */ = {
			isa = XCConfigurationList;
			buildConfigurations = (
				F54A2CC2228B9CFE005C81B9 /* Debug */,
				F54A2CC3228B9CFE005C81B9 /* Release */,
			);
			defaultConfigurationIsVisible = 0;
			defaultConfigurationName = Release;
		};
/* End XCConfigurationList section */
	};
	rootObject = F54A2CA7228B9CFD005C81B9 /* Project object */;
}
